	<Project xmlns="http://schemas.microsoft.com/developer/msbuild/2003">
		<PropertyGroup>
			<ProjectGuid>{0990B172-C221-4312-816E-1E634AF7EE2C}</ProjectGuid>
			<MainSource>Delphinus.dpk</MainSource>
			<FrameworkType>None</FrameworkType>
			<Base>True</Base>
			<Config Condition="'$(Config)'==''">Debug</Config>
			<Platform Condition="'$(Platform)'==''">Win32</Platform>
			<TargetedPlatforms>1</TargetedPlatforms>
			<AppType>Package</AppType>
			<Platform>Win32</Platform>
			<DCC_DCCCompiler>DCC32</DCC_DCCCompiler>
			<Basis>True</Basis>
			<ProjectVersion>12.3</ProjectVersion>
		</PropertyGroup>
		<PropertyGroup Condition="'$(Config)'=='Base' or '$(Base)'!=''">
			<Base>true</Base>
		</PropertyGroup>
		<PropertyGroup Condition="'$(Config)'=='Debug' or '$(Cfg_1)'!=''">
			<Cfg_1>true</Cfg_1>
			<CfgParent>Base</CfgParent>
			<Base>true</Base>
		</PropertyGroup>
		<PropertyGroup Condition="'$(Config)'=='Release' or '$(Cfg_2)'!=''">
			<Cfg_2>true</Cfg_2>
			<CfgParent>Base</CfgParent>
			<Base>true</Base>
		</PropertyGroup>
		<PropertyGroup Condition="'$(Base)'!=''">
			<DCC_ImageBase>00400000</DCC_ImageBase>
			<DCC_UnitSearchPath>..;$(DCC_UnitSearchPath)</DCC_UnitSearchPath>
			<VerInfo_Keys>CompanyName=;FileDescription=;FileVersion=1.0.0.0;InternalName=;LegalCopyright=;LegalTrademarks=;OriginalFilename=;ProductName=;ProductVersion=1.0.0.0;Comments=</VerInfo_Keys>
			<VerInfo_Locale>1031</VerInfo_Locale>
			<DCC_Namespace>System;Xml;Data;Datasnap;Web;Soap;Vcl;Vcl.Imaging;Vcl.Touch;Vcl.Samples;Vcl.Shell;$(DCC_Namespace)</DCC_Namespace>
			<GenDll>true</GenDll>
			<SanitizedProjectName>Delphinus_XE6</SanitizedProjectName>
			<DesignOnlyPackage>true</DesignOnlyPackage>
			<GenPackage>true</GenPackage>
			<DCC_DcuOutput>.\$(Platform)\$(Config)</DCC_DcuOutput>
			<DCC_ExeOutput>.\$(Platform)\$(Config)</DCC_ExeOutput>
			<DCC_E>false</DCC_E>
			<DCC_N>false</DCC_N>
			<DCC_S>false</DCC_S>
			<DCC_F>false</DCC_F>
			<DCC_K>false</DCC_K>
		</PropertyGroup>
		<PropertyGroup Condition="'$(Cfg_1)'!=''">
			<DCC_Define>DEBUG;$(DCC_Define)</DCC_Define>
			<DCC_DebugDCUs>true</DCC_DebugDCUs>
			<DCC_Optimize>false</DCC_Optimize>
			<DCC_GenerateStackFrames>true</DCC_GenerateStackFrames>
			<DCC_DebugInfoInExe>true</DCC_DebugInfoInExe>
			<DCC_RemoteDebug>true</DCC_RemoteDebug>
		</PropertyGroup>
		<PropertyGroup Condition="'$(Cfg_2)'!=''">
			<DCC_LocalDebugSymbols>false</DCC_LocalDebugSymbols>
			<DCC_Define>RELEASE;$(DCC_Define)</DCC_Define>
		</PropertyGroup>
		<ItemGroup>
			<DelphiCompile Include="Delphinus.dpk">
				<MainSource>MainSource</MainSource>
			</DelphiCompile>
			<DCCReference Include="rtl.dcp"/>
			<DCCReference Include="DesignIDE.dcp"/>
			<DCCReference Include="vclimg.dcp"/>
			<DCCReference Include="dbrtl.dcp"/>
			<DCCReference Include="DbxCommonDriver.dcp"/>
			<DCCReference Include="..\Delphinus.Main.pas"/>
			<DCCReference Include="..\Delphinus.Controller.pas"/>
			<DCCReference Include="..\Delphinus.Dialog.pas">
				<FormType>dfm</FormType>
				<Form>DelphinusDialog</Form>
			</DCCReference>
			<DCCReference Include="..\..\DN.Compiler.Intf.pas"/>
			<DCCReference Include="..\..\DN.Compiler.MSBuild.pas"/>
			<DCCReference Include="..\..\DN.Compiler.pas"/>
			<DCCReference Include="..\..\DN.Installer.Intf.pas"/>
			<DCCReference Include="..\..\DN.Installer.pas"/>
			<DCCReference Include="..\..\DN.Package.Intf.pas"/>
			<DCCReference Include="..\..\DN.Package.pas"/>
			<DCCReference Include="..\..\DN.PackageOverview.pas"/>
			<DCCReference Include="..\..\DN.PackageProvider.Intf.pas"/>
			<DCCReference Include="..\..\DN.PackageProvider.GitHub.pas"/>
			<DCCReference Include="..\..\DN.Preview.pas"/>
			<DCCReference Include="..\..\DN.ProjectInfo.Intf.pas"/>
			<DCCReference Include="..\..\DN.ProjectInfo.pas"/>
			<DCCReference Include="..\..\DN.Types.pas"/>
			<DCCReference Include="..\..\DN.Uninstaller.Intf.pas"/>
			<DCCReference Include="..\..\DN.Uninstaller.pas"/>
			<DCCReference Include="..\..\DN.Zip.pas"/>
			<DCCReference Include="..\Delphinus.SetupDialog.pas">
				<FormType>dfm</FormType>
				<Form>SetupDialog</Form>
			</DCCReference>
			<DCCReference Include="..\..\DN.PackageProvider.pas"/>
			<DCCReference Include="..\..\DN.PackageProvider.Installed.pas"/>
			<DCCReference Include="..\..\DN.Installer.IDE.pas"/>
			<DCCReference Include="..\..\DN.ToolsApi.pas"/>
			<DCCReference Include="..\..\DN.Uninstaller.IDE.pas"/>
			<DCCReference Include="..\..\DN.ProjectGroupInfo.pas"/>
			<DCCReference Include="..\..\DN.ProjectGroupInfo.Intf.pas"/>
			<DCCReference Include="..\..\DN.JSonFile.pas"/>
			<DCCReference Include="..\..\DN.JSonFile.Info.pas"/>
			<DCCReference Include="..\..\DN.JSonFile.Installation.pas"/>
			<DCCReference Include="..\..\DN.Controls.Button.pas"/>
			<DCCReference Include="..\..\DN.Controls.pas"/>
			<DCCReference Include="..\..\DN.Graphics.pas"/>
			<DCCReference Include="..\..\DN.PackageDetailView.pas">
				<FormType>dfm</FormType>
				<Form>PackageDetailView</Form>
				<DesignClass>TFrame</DesignClass>
			</DCCReference>
			<DCCReference Include="..\..\DN.JSonFile.Uninstallation.pas"/>
			<DCCReference Include="..\..\DN.JSonFile.InstalledInfo.pas"/>
			<DCCReference Include="..\..\DN.Package.Github.pas"/>
			<DCCReference Include="..\..\DN.ToolsApi.Extension.pas"/>
			<DCCReference Include="..\..\DN.ToolsApi.Extension.Intf.pas"/>
			<DCCReference Include="..\..\DN.JSonFile.CacheInfo.pas"/>
			<DCCReference Include="..\..\DN.Package.Version.Intf.pas"/>
			<DCCReference Include="..\..\DN.Package.Version.pas"/>
			<DCCReference Include="..\Delphinus.UiTypes.pas"/>
			<DCCReference Include="..\..\DN.JSon.pas"/>
			<DCCReference Include="..\Delphinus.Forms.pas"/>
			<DCCReference Include="..\Delphinus.ResourceNames.pas"/>
			<DCCReference Include="..\Delphinus.OptionsDialog.pas">
				<Form>DelphinusOptionsDialog</Form>
			</DCCReference>
			<DCCReference Include="..\Delphinus.Settings.pas"/>
			<DCCReference Include="..\..\DN.Setup.Intf.pas"/>
			<DCCReference Include="..\..\DN.Setup.pas"/>
			<DCCReference Include="..\..\DN.Version.pas"/>
			<DCCReference Include="..\..\DN.IOUtils.pas"/>
			<DCCReference Include="..\Delphinus.LicenseDialog.pas">
				<Form>LicenseDialog</Form>
			</DCCReference>
			<DCCReference Include="..\Delphinus.CategoryFilterView.pas"/>
			<DCCReference Include="..\Delphinus.ProgressDialog.pas">
				<Form>ProgressDialog</Form>
			</DCCReference>
			<DCCReference Include="..\..\DN.PackageFilter.pas"/>
			<DCCReference Include="..\..\DN.Progress.Intf.pas"/>
			<DCCReference Include="..\..\DN.Progress.pas"/>
			<DCCReference Include="..\..\DN.HttpClient.Intf.pas"/>
			<DCCReference Include="..\..\DN.HttpClient.pas"/>
			<DCCReference Include="..\..\DN.HttpClient.WinHttp.pas"/>
			<DCCReference Include="..\..\DN.Import.WinHttp.pas"/>
			<DCCReference Include="..\..\DN.HttpClient.Cache.Intf.pas"/>
			<DCCReference Include="..\..\DN.HttpClient.Cache.pas"/>
			<DCCReference Include="..\..\DN.Environment.pas"/>
			<DCCReference Include="..\..\DN.ComCtrls.Helper.pas"/>
			<DCCReference Include="..\..\DN.ActiveX.pas"/>
			<RcCompile Include="..\DelphinusImages.rc">
				<Form>DelphinusImages.res</Form>
			</RcCompile>
			<None Include="..\..\DN.LowHighString.inc"/>
			<BuildConfiguration Include="Release">
				<Key>Cfg_2</Key>
				<CfgParent>Base</CfgParent>
			</BuildConfiguration>
			<BuildConfiguration Include="Base">
				<Key>Base</Key>
			</BuildConfiguration>
			<BuildConfiguration Include="Debug">
				<Key>Cfg_1</Key>
				<CfgParent>Base</CfgParent>
			</BuildConfiguration>
		</ItemGroup>
		<Import Condition="Exists('$(BDS)\Bin\CodeGear.Delphi.Targets')" Project="$(BDS)\Bin\CodeGear.Delphi.Targets"/>
		<Import Condition="Exists('$(APPDATA)\Embarcadero\$(BDSAPPDATABASEDIR)\$(PRODUCTVERSION)\UserTools.proj')" Project="$(APPDATA)\Embarcadero\$(BDSAPPDATABASEDIR)\$(PRODUCTVERSION)\UserTools.proj"/>
		<ProjectExtensions>
			<Borland.Personality>Delphi.Personality.12</Borland.Personality>
			<Borland.ProjectType>Package</Borland.ProjectType>
			<BorlandProject>
				<Delphi.Personality>
					<Source>
						<Source Name="MainSource">Delphinus.dpk</Source>
					</Source>
					<Excluded_Packages>
						<Excluded_Packages Name="$(BDSBIN)\dcloffice2k200.bpl">Microsoft Office 2000 Sample Automation Server Wrapper Components</Excluded_Packages>
						<Excluded_Packages Name="$(BDSBIN)\dclofficexp200.bpl">Microsoft Office XP Sample Automation Server Wrapper Components</Excluded_Packages>
					</Excluded_Packages>
					<VersionInfo>
						<VersionInfo Name="IncludeVerInfo">True</VersionInfo>
						<VersionInfo Name="AutoIncBuild">False</VersionInfo>
						<VersionInfo Name="MajorVer">1</VersionInfo>
						<VersionInfo Name="MinorVer">0</VersionInfo>
						<VersionInfo Name="Release">0</VersionInfo>
						<VersionInfo Name="Build">0</VersionInfo>
						<VersionInfo Name="Debug">False</VersionInfo>
						<VersionInfo Name="PreRelease">False</VersionInfo>
						<VersionInfo Name="Special">False</VersionInfo>
						<VersionInfo Name="Private">False</VersionInfo>
						<VersionInfo Name="DLL">False</VersionInfo>
						<VersionInfo Name="Locale">1031</VersionInfo>
						<VersionInfo Name="CodePage">1252</VersionInfo>
					</VersionInfo>
					<VersionInfoKeys>
						<VersionInfoKeys Name="CompanyName"/>
						<VersionInfoKeys Name="FileDescription"/>
						<VersionInfoKeys Name="FileVersion">1.0.0.0</VersionInfoKeys>
						<VersionInfoKeys Name="InternalName"/>
						<VersionInfoKeys Name="LegalCopyright"/>
						<VersionInfoKeys Name="LegalTrademarks"/>
						<VersionInfoKeys Name="OriginalFilename"/>
						<VersionInfoKeys Name="ProductName"/>
						<VersionInfoKeys Name="ProductVersion">1.0.0.0</VersionInfoKeys>
						<VersionInfoKeys Name="Comments"/>
					</VersionInfoKeys>
					<Parameters>
						<Parameters Name="HostApplication">$(BDS)\bin\bds.exe</Parameters>
					</Parameters>
				</Delphi.Personality>
				<Deployment/>
				<Platforms>
					<Platform value="Win32">True</Platform>
				</Platforms>
			</BorlandProject>
			<ProjectFileVersion>12</ProjectFileVersion>
		</ProjectExtensions>
	</Project>
