<Project xmlns="http://schemas.microsoft.com/developer/msbuild/2003">
    <PropertyGroup>
        <ProjectGuid>{8A2F508D-7174-4AB6-9E4C-96E318011DD7}</ProjectGuid>
        <ProjectVersion>15.4</ProjectVersion>
        <FrameworkType>None</FrameworkType>
        <MainSource>DPM.dpr</MainSource>
        <Base>True</Base>
        <Config Condition="'$(Config)'==''">Debug</Config>
        <Platform Condition="'$(Platform)'==''">Win32</Platform>
        <TargetedPlatforms>1</TargetedPlatforms>
        <AppType>Console</AppType>
    </PropertyGroup>
    <PropertyGroup Condition="'$(Config)'=='Base' or '$(Base)'!=''">
        <Base>true</Base>
    </PropertyGroup>
    <PropertyGroup Condition="('$(Platform)'=='OSX32' and '$(Base)'=='true') or '$(Base_OSX32)'!=''">
        <Base_OSX32>true</Base_OSX32>
        <CfgParent>Base</CfgParent>
        <Base>true</Base>
    </PropertyGroup>
    <PropertyGroup Condition="('$(Platform)'=='Win32' and '$(Base)'=='true') or '$(Base_Win32)'!=''">
        <Base_Win32>true</Base_Win32>
        <CfgParent>Base</CfgParent>
        <Base>true</Base>
    </PropertyGroup>
    <PropertyGroup Condition="('$(Platform)'=='Win64' and '$(Base)'=='true') or '$(Base_Win64)'!=''">
        <Base_Win64>true</Base_Win64>
        <CfgParent>Base</CfgParent>
        <Base>true</Base>
    </PropertyGroup>
    <PropertyGroup Condition="'$(Config)'=='Debug' or '$(Cfg_1)'!=''">
        <Cfg_1>true</Cfg_1>
        <CfgParent>Base</CfgParent>
        <Base>true</Base>
    </PropertyGroup>
    <PropertyGroup Condition="('$(Platform)'=='Win32' and '$(Cfg_1)'=='true') or '$(Cfg_1_Win32)'!=''">
        <Cfg_1_Win32>true</Cfg_1_Win32>
        <CfgParent>Cfg_1</CfgParent>
        <Cfg_1>true</Cfg_1>
        <Base>true</Base>
    </PropertyGroup>
    <PropertyGroup Condition="'$(Config)'=='Release' or '$(Cfg_2)'!=''">
        <Cfg_2>true</Cfg_2>
        <CfgParent>Base</CfgParent>
        <Base>true</Base>
    </PropertyGroup>
    <PropertyGroup Condition="'$(Base)'!=''">
        <DCC_UnitSearchPath>..\..\;..\..\Packages;$(DCC_UnitSearchPath)</DCC_UnitSearchPath>
        <VerInfo_Keys>CompanyName=;FileDescription=;FileVersion=1.0.0.0;InternalName=;LegalCopyright=;LegalTrademarks=;OriginalFilename=;ProductName=;ProductVersion=1.0.0.0;Comments=</VerInfo_Keys>
        <Manifest_File>$(BDS)\bin\default_app.manifest</Manifest_File>
        <VerInfo_Locale>1031</VerInfo_Locale>
        <DCC_Namespace>System;Xml;Data;Datasnap;Web;Soap;VCL;VCL.Imaging;$(DCC_Namespace)</DCC_Namespace>
        <SanitizedProjectName>DPM</SanitizedProjectName>
        <DCC_DcuOutput>.\$(Platform)\$(Config)</DCC_DcuOutput>
        <DCC_ExeOutput>.\$(Platform)\$(Config)</DCC_ExeOutput>
        <DCC_E>false</DCC_E>
        <DCC_N>false</DCC_N>
        <DCC_S>false</DCC_S>
        <DCC_F>false</DCC_F>
        <DCC_K>false</DCC_K>
    </PropertyGroup>
    <PropertyGroup Condition="'$(Base_OSX32)'!=''">
        <DCC_UsePackage>FireDACASADriver;FireDACSqliteDriver;bindcompfmx;DBXSqliteDriver;FireDACPgDriver;FireDACODBCDriver;RESTBackendComponents;fmx;rtl;dbrtl;DbxClientDriver;IndySystem;FireDACCommon;bindcomp;inetdb;tethering;DBXInterBaseDriver;xmlrtl;DbxCommonDriver;IndyProtocols;dbxcds;DBXMySQLDriver;FireDACCommonDriver;bindcompdbx;soaprtl;bindengine;FMXTee;fmxFireDAC;FireDACADSDriver;CustomIPTransport;FireDAC;dsnap;IndyIPServer;fmxase;IndyCore;IndyIPCommon;CloudService;FireDACIBDriver;FmxTeeUI;inet;fmxobj;FireDACMySQLDriver;soapmidas;soapserver;inetdbxpress;dsnapxml;fmxdae;RESTComponents;FireDACMSAccDriver;dbexpress;IndyIPClient;$(DCC_UsePackage)</DCC_UsePackage>
        <DCC_ConsoleTarget>true</DCC_ConsoleTarget>
    </PropertyGroup>
    <PropertyGroup Condition="'$(Base_Win32)'!=''">
        <DCC_UsePackage>FireDACASADriver;FireDACSqliteDriver;bindcompfmx;DBXSqliteDriver;vcldbx;FireDACPgDriver;FireDACODBCDriver;RESTBackendComponents;fmx;rtl;dbrtl;DbxClientDriver;IndySystem;FireDACCommon;bindcomp;inetdb;tethering;TeeDB;inetdbbde;DBXInterBaseDriver;Tee;vclFireDAC;xmlrtl;svnui;DbxCommonDriver;vclimg;IndyProtocols;dbxcds;DBXMySQLDriver;FireDACCommonDriver;MetropolisUILiveTile;bindcompdbx;soaprtl;bindengine;vclactnband;vcldb;vcldsnap;bindcompvcl;FMXTee;TeeUI;vclie;fmxFireDAC;FireDACADSDriver;vcltouch;CustomIPTransport;vclribbon;VclSmp;FireDAC;dsnap;IndyIPServer;VCLRESTComponents;fmxase;vcl;IndyCore;IndyIPCommon;CloudService;dsnapcon;FireDACIBDriver;FmxTeeUI;inet;fmxobj;FireDACMySQLDriver;soapmidas;vclx;soapserver;inetdbxpress;svn;dsnapxml;fmxdae;RESTComponents;bdertl;VirtualTreesR;OmniThreadLibraryRuntimeXE6;FireDACMSAccDriver;dbexpress;adortl;IndyIPClient;$(DCC_UsePackage)</DCC_UsePackage>
        <DCC_Namespace>Winapi;System.Win;Data.Win;Datasnap.Win;Web.Win;Soap.Win;Xml.Win;Bde;$(DCC_Namespace)</DCC_Namespace>
        <VerInfo_Locale>1033</VerInfo_Locale>
        <DCC_ConsoleTarget>true</DCC_ConsoleTarget>
        <VerInfo_Keys>CompanyName=;FileDescription=;FileVersion=1.0.0.0;InternalName=;LegalCopyright=;LegalTrademarks=;OriginalFilename=;ProductName=;ProductVersion=1.0.0.0;Comments=</VerInfo_Keys>
    </PropertyGroup>
    <PropertyGroup Condition="'$(Base_Win64)'!=''">
        <DCC_UsePackage>FireDACASADriver;FireDACSqliteDriver;bindcompfmx;DBXSqliteDriver;FireDACPgDriver;FireDACODBCDriver;RESTBackendComponents;fmx;rtl;dbrtl;DbxClientDriver;IndySystem;FireDACCommon;bindcomp;inetdb;tethering;TeeDB;DBXInterBaseDriver;Tee;vclFireDAC;xmlrtl;DbxCommonDriver;vclimg;IndyProtocols;dbxcds;DBXMySQLDriver;FireDACCommonDriver;MetropolisUILiveTile;bindcompdbx;soaprtl;bindengine;vclactnband;vcldb;vcldsnap;bindcompvcl;FMXTee;TeeUI;vclie;fmxFireDAC;FireDACADSDriver;vcltouch;CustomIPTransport;vclribbon;VclSmp;FireDAC;dsnap;IndyIPServer;VCLRESTComponents;fmxase;vcl;IndyCore;IndyIPCommon;CloudService;dsnapcon;FireDACIBDriver;FmxTeeUI;inet;fmxobj;FireDACMySQLDriver;soapmidas;vclx;soapserver;inetdbxpress;dsnapxml;fmxdae;RESTComponents;VirtualTreesR;FireDACMSAccDriver;dbexpress;adortl;IndyIPClient;$(DCC_UsePackage)</DCC_UsePackage>
        <DCC_ConsoleTarget>true</DCC_ConsoleTarget>
    </PropertyGroup>
    <PropertyGroup Condition="'$(Cfg_1)'!=''">
        <DCC_Define>DEBUG;$(DCC_Define)</DCC_Define>
        <DCC_DebugDCUs>true</DCC_DebugDCUs>
        <DCC_Optimize>false</DCC_Optimize>
        <DCC_GenerateStackFrames>true</DCC_GenerateStackFrames>
        <DCC_DebugInfoInExe>true</DCC_DebugInfoInExe>
        <DCC_RemoteDebug>true</DCC_RemoteDebug>
    </PropertyGroup>
    <PropertyGroup Condition="'$(Cfg_1_Win32)'!=''">
        <Debugger_RunParams>-delphi xe</Debugger_RunParams>
        <VerInfo_Locale>1033</VerInfo_Locale>
        <Manifest_File>None</Manifest_File>
        <DCC_RemoteDebug>false</DCC_RemoteDebug>
    </PropertyGroup>
    <PropertyGroup Condition="'$(Cfg_2)'!=''">
        <DCC_LocalDebugSymbols>false</DCC_LocalDebugSymbols>
        <DCC_Define>RELEASE;$(DCC_Define)</DCC_Define>
        <DCC_SymbolReferenceInfo>0</DCC_SymbolReferenceInfo>
        <DCC_DebugInformation>0</DCC_DebugInformation>
    </PropertyGroup>
    <ItemGroup>
        <DelphiCompile Include="$(MainSource)">
            <MainSource>MainSource</MainSource>
        </DelphiCompile>
        <RcCompile Include="DPM.rc">
            <Form>DPM.res</Form>
        </RcCompile>
        <DCCReference Include="DN.DPM.pas"/>
        <DCCReference Include="DN.Command.Argument.Parser.pas"/>
        <DCCReference Include="DN.Command.Argument.Parser.Intf.pas"/>
        <DCCReference Include="DN.Command.Argument.pas"/>
        <DCCReference Include="DN.Command.Argument.Intf.pas"/>
        <DCCReference Include="DN.Command.pas"/>
        <DCCReference Include="DN.Command.Switch.pas"/>
        <DCCReference Include="DN.Command.Dispatcher.pas"/>
        <DCCReference Include="DN.Command.Dispatcher.Intf.pas"/>
        <DCCReference Include="DN.Command.Help.pas"/>
        <DCCReference Include="DN.Command.Install.pas"/>
        <DCCReference Include="DN.Command.Environment.Intf.pas"/>
        <DCCReference Include="DN.Command.Environment.pas"/>
        <DCCReference Include="DN.Command.Default.pas"/>
        <DCCReference Include="DN.Command.Exit.pas"/>
        <DCCReference Include="DN.Command.List.pas"/>
        <DCCReference Include="DN.Command.Switch.Delphi.pas"/>
        <DCCReference Include="DN.Command.Uninstall.pas"/>
        <DCCReference Include="DN.Command.Info.pas"/>
        <DCCReference Include="DN.Command.Switch.Versions.pas"/>
        <DCCReference Include="DN.Command.Switch.License.pas"/>
        <DCCReference Include="DN.Command.Update.pas"/>
        <DCCReference Include="DN.Command.DelphiBlock.pas"/>
        <DCCReference Include="DN.Command.About.pas"/>
        <DCCReference Include="DN.Command.Delphis.pas"/>
        <DCCReference Include="DN.Command.Switch.PanicOnError.pas"/>
        <DCCReference Include="DN.Command.Types.pas"/>
        <DCCReference Include="DN.Command.Switch.Types.pas"/>
        <RcItem Include="..\..\Icons\Console.ico">
            <ResourceType>ICON</ResourceType>
            <ResourceId>ApplicationIcon</ResourceId>
        </RcItem>
        <BuildConfiguration Include="Release">
            <Key>Cfg_2</Key>
            <CfgParent>Base</CfgParent>
        </BuildConfiguration>
        <BuildConfiguration Include="Base">
            <Key>Base</Key>
        </BuildConfiguration>
        <BuildConfiguration Include="Debug">
            <Key>Cfg_1</Key>
            <CfgParent>Base</CfgParent>
        </BuildConfiguration>
    </ItemGroup>
    <ProjectExtensions>
        <Borland.Personality>Delphi.Personality.12</Borland.Personality>
        <Borland.ProjectType/>
        <BorlandProject>
            <Delphi.Personality>
                <Source>
                    <Source Name="MainSource">DPM.dpr</Source>
                </Source>
                <Excluded_Packages>
                    <Excluded_Packages Name="$(BDSBIN)\dcloffice2k200.bpl">Microsoft Office 2000 Sample Automation Server Wrapper Components</Excluded_Packages>
                    <Excluded_Packages Name="$(BDSBIN)\dclofficexp200.bpl">Microsoft Office XP Sample Automation Server Wrapper Components</Excluded_Packages>
                </Excluded_Packages>
            </Delphi.Personality>
            <Deployment/>
            <Platforms>
                <Platform value="OSX32">False</Platform>
                <Platform value="Win32">True</Platform>
                <Platform value="Win64">False</Platform>
            </Platforms>
        </BorlandProject>
        <ProjectFileVersion>12</ProjectFileVersion>
    </ProjectExtensions>
    <Import Project="$(BDS)\Bin\CodeGear.Delphi.Targets" Condition="Exists('$(BDS)\Bin\CodeGear.Delphi.Targets')"/>
    <Import Project="$(APPDATA)\Embarcadero\$(BDSAPPDATABASEDIR)\$(PRODUCTVERSION)\UserTools.proj" Condition="Exists('$(APPDATA)\Embarcadero\$(BDSAPPDATABASEDIR)\$(PRODUCTVERSION)\UserTools.proj')"/>
</Project>
